
Microsoft Visual Studio Solution File, Format Version 11.00
# Visual Studio 2010
Project("{FAE04EC0-301F-11D3-BF4B-00C04F79EFBC}") = "Assembly-CSharp", "Assembly-CSharp.csproj", "{F651CB47-4FC1-A736-E8A7-803C39706513}"
EndProject
Project("{FAE04EC0-301F-11D3-BF4B-00C04F79EFBC}") = "Assembly-CSharp-Editor", "Assembly-CSharp-Editor.csproj", "{57E1F41B-3BB2-BF3D-5037-843F208C2B09}"
EndProject
Global
	GlobalSection(SolutionConfigurationPlatforms) = preSolution
		Debug|Any CPU = Debug|Any CPU
		Release|Any CPU = Release|Any CPU
	EndGlobalSection
	GlobalSection(ProjectConfigurationPlatforms) = postSolution
		{F651CB47-4FC1-A736-E8A7-803C39706513}.Debug|Any CPU.ActiveCfg = Debug|Any CPU
		{F651CB47-4FC1-A736-E8A7-803C39706513}.Debug|Any CPU.Build.0 = Debug|Any CPU
		{F651CB47-4FC1-A736-E8A7-803C39706513}.Release|Any CPU.ActiveCfg = Release|Any CPU
		{F651CB47-4FC1-A736-E8A7-803C39706513}.Release|Any CPU.Build.0 = Release|Any CPU
		{57E1F41B-3BB2-BF3D-5037-843F208C2B09}.Debug|Any CPU.ActiveCfg = Debug|Any CPU
		{57E1F41B-3BB2-BF3D-5037-843F208C2B09}.Debug|Any CPU.Build.0 = Debug|Any CPU
		{57E1F41B-3BB2-BF3D-5037-843F208C2B09}.Release|Any CPU.ActiveCfg = Release|Any CPU
		{57E1F41B-3BB2-BF3D-5037-843F208C2B09}.Release|Any CPU.Build.0 = Release|Any CPU
	EndGlobalSection
	GlobalSection(SolutionProperties) = preSolution
		HideSolutionNode = FALSE
	EndGlobalSection
	GlobalSection(MonoDevelopProperties) = preSolution
		StartupItem = Assembly-CSharp.csproj
	EndGlobalSection
EndGlobal
